<?xml version="1.0" encoding="utf-8"?>
<Project ToolsVersion="4.0" xmlns="http://schemas.microsoft.com/developer/msbuild/2003">
  <ItemGroup>
    <ClCompile Include="Entry.cpp" />
    <ClCompile Include="Application.cpp">
      <Filter>Frame</Filter>
    </ClCompile>
    <ClCompile Include="Renderer.cpp">
      <Filter>Frame</Filter>
    </ClCompile>
    <ClCompile Include="GameObject.cpp">
      <Filter>Node</Filter>
    </ClCompile>
    <ClCompile Include="stdafx.cpp" />
    <ClCompile Include="Sprite.cpp">
      <Filter>Node</Filter>
    </ClCompile>
    <ClCompile Include="Texture.cpp">
      <Filter>Node</Filter>
    </ClCompile>
    <ClCompile Include="TextureMgr.cpp">
      <Filter>Frame</Filter>
    </ClCompile>
    <ClCompile Include="SceneDirector.cpp">
      <Filter>Frame</Filter>
    </ClCompile>
    <ClCompile Include="Intro.cpp">
      <Filter>The Fighting\Scene</Filter>
    </ClCompile>
    <ClCompile Include="Main.cpp">
      <Filter>The Fighting\Scene</Filter>
    </ClCompile>
    <ClCompile Include="InDoorStadium.cpp">
      <Filter>The Fighting\Scene</Filter>
    </ClCompile>
    <ClCompile Include="OutDoorStadium.cpp">
      <Filter>The Fighting\Scene</Filter>
    </ClCompile>
    <ClCompile Include="Player.cpp">
      <Filter>The Fighting\Object</Filter>
    </ClCompile>
    <ClCompile Include="FightObject.cpp">
      <Filter>The Fighting\Object</Filter>
    </ClCompile>
    <ClCompile Include="FightMgr.cpp">
      <Filter>The Fighting\Mgr</Filter>
    </ClCompile>
    <ClCompile Include="Animation.cpp">
      <Filter>Node</Filter>
    </ClCompile>
    <ClCompile Include="Input.cpp">
      <Filter>Node</Filter>
    </ClCompile>
    <ClCompile Include="AIController.cpp">
      <Filter>The Fighting\Controller</Filter>
    </ClCompile>
    <ClCompile Include="Controller.cpp">
      <Filter>The Fighting\Controller</Filter>
    </ClCompile>
    <ClCompile Include="PlayerController.cpp">
      <Filter>The Fighting\Controller</Filter>
    </ClCompile>
    <ClCompile Include="Fighter.cpp">
      <Filter>The Fighting\Object</Filter>
    </ClCompile>
    <ClCompile Include="ObjectManager.cpp">
      <Filter>The Fighting\Mgr</Filter>
    </ClCompile>
    <ClCompile Include="Kyo.cpp">
      <Filter>The Fighting\Object\Character</Filter>
    </ClCompile>
    <ClCompile Include="Terry.cpp">
      <Filter>The Fighting\Object\Character</Filter>
    </ClCompile>
    <ClCompile Include="CollisionMgr.cpp">
      <Filter>The Fighting\Mgr</Filter>
    </ClCompile>
    <ClCompile Include="SelectCharacter.cpp">
      <Filter>The Fighting\Scene</Filter>
    </ClCompile>
  </ItemGroup>
  <ItemGroup>
    <ClInclude Include="Application.h">
      <Filter>Frame</Filter>
    </ClInclude>
    <ClInclude Include="Renderer.h">
      <Filter>Frame</Filter>
    </ClInclude>
    <ClInclude Include="GameObject.h">
      <Filter>Node</Filter>
    </ClInclude>
    <ClInclude Include="stdafx.h" />
    <ClInclude Include="Sprite.h">
      <Filter>Node</Filter>
    </ClInclude>
    <ClInclude Include="Texture.h">
      <Filter>Node</Filter>
    </ClInclude>
    <ClInclude Include="TextureMgr.h">
      <Filter>Frame</Filter>
    </ClInclude>
    <ClInclude Include="SceneDirector.h">
      <Filter>Frame</Filter>
    </ClInclude>
    <ClInclude Include="Singleton.h">
      <Filter>Frame</Filter>
    </ClInclude>
    <ClInclude Include="Intro.h">
      <Filter>The Fighting\Scene</Filter>
    </ClInclude>
    <ClInclude Include="Main.h">
      <Filter>The Fighting\Scene</Filter>
    </ClInclude>
    <ClInclude Include="InDoorStadium.h">
      <Filter>The Fighting\Scene</Filter>
    </ClInclude>
    <ClInclude Include="OutDoorStadium.h">
      <Filter>The Fighting\Scene</Filter>
    </ClInclude>
    <ClInclude Include="Player.h">
      <Filter>The Fighting\Object</Filter>
    </ClInclude>
    <ClInclude Include="FightObject.h">
      <Filter>The Fighting\Object</Filter>
    </ClInclude>
    <ClInclude Include="FightMgr.h">
      <Filter>The Fighting\Mgr</Filter>
    </ClInclude>
    <ClInclude Include="Animation.h">
      <Filter>Node</Filter>
    </ClInclude>
    <ClInclude Include="Input.h">
      <Filter>Node</Filter>
    </ClInclude>
    <ClInclude Include="AIController.h">
      <Filter>The Fighting\Controller</Filter>
    </ClInclude>
    <ClInclude Include="Controller.h">
      <Filter>The Fighting\Controller</Filter>
    </ClInclude>
    <ClInclude Include="PlayerController.h">
      <Filter>The Fighting\Controller</Filter>
    </ClInclude>
    <ClInclude Include="Fighter.h">
      <Filter>The Fighting\Object</Filter>
    </ClInclude>
    <ClInclude Include="ObjectManager.h">
      <Filter>The Fighting\Mgr</Filter>
    </ClInclude>
    <ClInclude Include="Kyo.h">
      <Filter>The Fighting\Object\Character</Filter>
    </ClInclude>
    <ClInclude Include="Terry.h">
      <Filter>The Fighting\Object\Character</Filter>
    </ClInclude>
    <ClInclude Include="CollisionMgr.h">
      <Filter>The Fighting\Mgr</Filter>
    </ClInclude>
    <ClInclude Include="SelectCharacter.h">
      <Filter>The Fighting\Scene</Filter>
    </ClInclude>
  </ItemGroup>
  <ItemGroup>
    <Filter Include="Frame">
      <UniqueIdentifier>{f81cf29a-5143-4f03-8659-4febd8b349ef}</UniqueIdentifier>
    </Filter>
    <Filter Include="Node">
      <UniqueIdentifier>{ee156714-476c-45e6-9111-620d572a1b90}</UniqueIdentifier>
    </Filter>
    <Filter Include="The Fighting">
      <UniqueIdentifier>{96cf82ea-0158-4da6-97b9-a524951af243}</UniqueIdentifier>
    </Filter>
    <Filter Include="The Fighting\Scene">
      <UniqueIdentifier>{fb881c82-85d0-427d-a2b5-6e14c528320c}</UniqueIdentifier>
    </Filter>
    <Filter Include="The Fighting\Object">
      <UniqueIdentifier>{18db1b5d-1f77-4614-9e48-ded10139328f}</UniqueIdentifier>
    </Filter>
    <Filter Include="The Fighting\Mgr">
      <UniqueIdentifier>{06d44342-2669-4c88-bd4a-ebe7c99d61f9}</UniqueIdentifier>
    </Filter>
    <Filter Include="The Fighting\Controller">
      <UniqueIdentifier>{bdd75cc7-0b80-4377-bc95-ac9f3731ca39}</UniqueIdentifier>
    </Filter>
    <Filter Include="The Fighting\Object\Character">
      <UniqueIdentifier>{93dee236-303d-4a12-bd50-520166943af9}</UniqueIdentifier>
    </Filter>
  </ItemGroup>
</Project>