<?xml version="1.0" encoding="utf-8"?>
<Project ToolsVersion="4.0" xmlns="http://schemas.microsoft.com/developer/msbuild/2003">
  <ItemGroup>
    <ClCompile Include="Entry.cpp" />
    <ClCompile Include="Application.cpp">
      <Filter>Frame</Filter>
    </ClCompile>
    <ClCompile Include="Renderer.cpp">
      <Filter>Frame</Filter>
    </ClCompile>
    <ClCompile Include="GameObject.cpp">
      <Filter>Node</Filter>
    </ClCompile>
    <ClCompile Include="stdafx.cpp" />
    <ClCompile Include="Sprite.cpp">
      <Filter>Node</Filter>
    </ClCompile>
    <ClCompile Include="Texture.cpp">
      <Filter>Node</Filter>
    </ClCompile>
    <ClCompile Include="TextureMgr.cpp">
      <Filter>Frame</Filter>
    </ClCompile>
    <ClCompile Include="SceneDirector.cpp">
      <Filter>Frame</Filter>
    </ClCompile>
    <ClCompile Include="Intro.cpp">
      <Filter>The Fighting\Scene</Filter>
    </ClCompile>
    <ClCompile Include="Main.cpp">
      <Filter>The Fighting\Scene</Filter>
    </ClCompile>
    <ClCompile Include="InDoorStadium.cpp">
      <Filter>The Fighting\Scene</Filter>
    </ClCompile>
    <ClCompile Include="OutDoorStadium.cpp">
      <Filter>The Fighting\Scene</Filter>
    </ClCompile>
  </ItemGroup>
  <ItemGroup>
    <ClInclude Include="Application.h">
      <Filter>Frame</Filter>
    </ClInclude>
    <ClInclude Include="Renderer.h">
      <Filter>Frame</Filter>
    </ClInclude>
    <ClInclude Include="GameObject.h">
      <Filter>Node</Filter>
    </ClInclude>
    <ClInclude Include="stdafx.h" />
    <ClInclude Include="Sprite.h">
      <Filter>Node</Filter>
    </ClInclude>
    <ClInclude Include="Texture.h">
      <Filter>Node</Filter>
    </ClInclude>
    <ClInclude Include="TextureMgr.h">
      <Filter>Frame</Filter>
    </ClInclude>
    <ClInclude Include="SceneDirector.h">
      <Filter>Frame</Filter>
    </ClInclude>
    <ClInclude Include="Singleton.h">
      <Filter>Frame</Filter>
    </ClInclude>
    <ClInclude Include="Intro.h">
      <Filter>The Fighting\Scene</Filter>
    </ClInclude>
    <ClInclude Include="Main.h">
      <Filter>The Fighting\Scene</Filter>
    </ClInclude>
    <ClInclude Include="InDoorStadium.h">
      <Filter>The Fighting\Scene</Filter>
    </ClInclude>
    <ClInclude Include="OutDoorStadium.h">
      <Filter>The Fighting\Scene</Filter>
    </ClInclude>
  </ItemGroup>
  <ItemGroup>
    <Filter Include="Frame">
      <UniqueIdentifier>{f81cf29a-5143-4f03-8659-4febd8b349ef}</UniqueIdentifier>
    </Filter>
    <Filter Include="Node">
      <UniqueIdentifier>{ee156714-476c-45e6-9111-620d572a1b90}</UniqueIdentifier>
    </Filter>
    <Filter Include="The Fighting">
      <UniqueIdentifier>{96cf82ea-0158-4da6-97b9-a524951af243}</UniqueIdentifier>
    </Filter>
    <Filter Include="The Fighting\Scene">
      <UniqueIdentifier>{fb881c82-85d0-427d-a2b5-6e14c528320c}</UniqueIdentifier>
    </Filter>
  </ItemGroup>
</Project>